
Microsoft Visual Studio Solution File, Format Version 12.00
# Visual Studio Version 17
VisualStudioVersion = 17.4.33103.184
MinimumVisualStudioVersion = 10.0.40219.1
Project("{FAE04EC0-301F-11D3-BF4B-00C04F79EFBC}") = "PhilsLendingLibrary", "PhilsLendingLibrary.csproj", "{AE0CAA37-CC10-47F3-8A64-050ED741D067}"
EndProject
Global
	GlobalSection(SolutionConfigurationPlatforms) = preSolution
		Debug|Any CPU = Debug|Any CPU
		Release|Any CPU = Release|Any CPU
	EndGlobalSection
	GlobalSection(ProjectConfigurationPlatforms) = postSolution
		{AE0CAA37-CC10-47F3-8A64-050ED741D067}.Debug|Any CPU.ActiveCfg = Debug|Any CPU
		{AE0CAA37-CC10-47F3-8A64-050ED741D067}.Debug|Any CPU.Build.0 = Debug|Any CPU
		{AE0CAA37-CC10-47F3-8A64-050ED741D067}.Release|Any CPU.ActiveCfg = Release|Any CPU
		{AE0CAA37-CC10-47F3-8A64-050ED741D067}.Release|Any CPU.Build.0 = Release|Any CPU
	EndGlobalSection
	GlobalSection(SolutionProperties) = preSolution
		HideSolutionNode = FALSE
	EndGlobalSection
	GlobalSection(ExtensibilityGlobals) = postSolution
		SolutionGuid = {61BCC5CD-84AD-4A55-8879-5B456BA700E4}
	EndGlobalSection
EndGlobal
